// !$*UTF8*$!
{
	archiveVersion = 1;
	classes = {
	};
	objectVersion = 56;
	objects = {

/* Begin PBXBuildFile section */
		CE4824912A9C7CBB002B7669 /* AppDelegate.swift in Sources */ = {isa = PBXBuildFile; fileRef = CE4824902A9C7CBB002B7669 /* AppDelegate.swift */; };
		CE4824932A9C7CBB002B7669 /* SceneDelegate.swift in Sources */ = {isa = PBXBuildFile; fileRef = CE4824922A9C7CBB002B7669 /* SceneDelegate.swift */; };
		CE4824952A9C7CBB002B7669 /* RMTabBarController.swift in Sources */ = {isa = PBXBuildFile; fileRef = CE4824942A9C7CBB002B7669 /* RMTabBarController.swift */; };
		CE48249A2A9C7CBC002B7669 /* Assets.xcassets in Resources */ = {isa = PBXBuildFile; fileRef = CE4824992A9C7CBC002B7669 /* Assets.xcassets */; };
		CE48249D2A9C7CBC002B7669 /* LaunchScreen.storyboard in Resources */ = {isa = PBXBuildFile; fileRef = CE48249B2A9C7CBC002B7669 /* LaunchScreen.storyboard */; };
		CE4824A82A9C7CBC002B7669 /* RickismTests.swift in Sources */ = {isa = PBXBuildFile; fileRef = CE4824A72A9C7CBC002B7669 /* RickismTests.swift */; };
		CE4824B22A9C7CBC002B7669 /* RickismUITests.swift in Sources */ = {isa = PBXBuildFile; fileRef = CE4824B12A9C7CBC002B7669 /* RickismUITests.swift */; };
		CE4824B42A9C7CBC002B7669 /* RickismUITestsLaunchTests.swift in Sources */ = {isa = PBXBuildFile; fileRef = CE4824B32A9C7CBC002B7669 /* RickismUITestsLaunchTests.swift */; };
		CE4824C92A9C8072002B7669 /* RMEpisodeVC.swift in Sources */ = {isa = PBXBuildFile; fileRef = CE4824C82A9C8072002B7669 /* RMEpisodeVC.swift */; };
		CE4824CB2A9C8166002B7669 /* RMLocationVC.swift in Sources */ = {isa = PBXBuildFile; fileRef = CE4824CA2A9C8166002B7669 /* RMLocationVC.swift */; };
		CE4824CD2A9C8179002B7669 /* RMCharacterVC.swift in Sources */ = {isa = PBXBuildFile; fileRef = CE4824CC2A9C8179002B7669 /* RMCharacterVC.swift */; };
		CE4824CF2A9C8192002B7669 /* RMSettingsVC.swift in Sources */ = {isa = PBXBuildFile; fileRef = CE4824CE2A9C8192002B7669 /* RMSettingsVC.swift */; };
		CE4824D12A9C878B002B7669 /* Constants.swift in Sources */ = {isa = PBXBuildFile; fileRef = CE4824D02A9C878B002B7669 /* Constants.swift */; };
		CE4824D92A9CC139002B7669 /* RMCharacter.swift in Sources */ = {isa = PBXBuildFile; fileRef = CE4824D22A9CC139002B7669 /* RMCharacter.swift */; };
		CE4824DA2A9CC139002B7669 /* RMOrigin.swift in Sources */ = {isa = PBXBuildFile; fileRef = CE4824D32A9CC139002B7669 /* RMOrigin.swift */; };
		CE4824DB2A9CC139002B7669 /* RMEpisode.swift in Sources */ = {isa = PBXBuildFile; fileRef = CE4824D42A9CC139002B7669 /* RMEpisode.swift */; };
		CE4824DC2A9CC139002B7669 /* RMCharacterStatus.swift in Sources */ = {isa = PBXBuildFile; fileRef = CE4824D52A9CC139002B7669 /* RMCharacterStatus.swift */; };
		CE4824DD2A9CC139002B7669 /* RMSingleLocation.swift in Sources */ = {isa = PBXBuildFile; fileRef = CE4824D62A9CC139002B7669 /* RMSingleLocation.swift */; };
		CE4824DE2A9CC139002B7669 /* RMCharacterGender.swift in Sources */ = {isa = PBXBuildFile; fileRef = CE4824D72A9CC139002B7669 /* RMCharacterGender.swift */; };
		CE4824DF2A9CC139002B7669 /* RMLocation.swift in Sources */ = {isa = PBXBuildFile; fileRef = CE4824D82A9CC139002B7669 /* RMLocation.swift */; };
		CE4824E32A9CC3B2002B7669 /* RMEndpoint.swift in Sources */ = {isa = PBXBuildFile; fileRef = CE4824E02A9CC3B2002B7669 /* RMEndpoint.swift */; };
		CE4824E42A9CC3B2002B7669 /* RMService.swift in Sources */ = {isa = PBXBuildFile; fileRef = CE4824E12A9CC3B2002B7669 /* RMService.swift */; };
		CE4824E52A9CC3B2002B7669 /* RMRequest.swift in Sources */ = {isa = PBXBuildFile; fileRef = CE4824E22A9CC3B2002B7669 /* RMRequest.swift */; };
		CE4824E92A9CDF69002B7669 /* RMGetAllCharactersResponse.swift in Sources */ = {isa = PBXBuildFile; fileRef = CE4824E82A9CDF69002B7669 /* RMGetAllCharactersResponse.swift */; };
		CE5843782AA3491300EDC0FB /* RMImageLoader.swift in Sources */ = {isa = PBXBuildFile; fileRef = CE5843772AA3491300EDC0FB /* RMImageLoader.swift */; };
		CE726AD62AB420630006B092 /* RMLocationDetailView.swift in Sources */ = {isa = PBXBuildFile; fileRef = CE726AD52AB420630006B092 /* RMLocationDetailView.swift */; };
		CE726AD82AB420D90006B092 /* RMLocationDetailViewVM.swift in Sources */ = {isa = PBXBuildFile; fileRef = CE726AD72AB420D90006B092 /* RMLocationDetailViewVM.swift */; };
		CE89A9CA2AA8649500FF8469 /* RMCharacterPhotoCollectionViewCellVM.swift in Sources */ = {isa = PBXBuildFile; fileRef = CE89A9C92AA8649500FF8469 /* RMCharacterPhotoCollectionViewCellVM.swift */; };
		CE89A9CC2AA864B500FF8469 /* RMCharacterInfoCollectionViewCellVM.swift in Sources */ = {isa = PBXBuildFile; fileRef = CE89A9CB2AA864B500FF8469 /* RMCharacterInfoCollectionViewCellVM.swift */; };
		CE89A9CE2AA864CB00FF8469 /* RMCharacterEpisodeCollectionViewCellVM.swift in Sources */ = {isa = PBXBuildFile; fileRef = CE89A9CD2AA864CB00FF8469 /* RMCharacterEpisodeCollectionViewCellVM.swift */; };
		CE89A9D02AA8650E00FF8469 /* RMCharacterPhotoCollectionViewCell.swift in Sources */ = {isa = PBXBuildFile; fileRef = CE89A9CF2AA8650E00FF8469 /* RMCharacterPhotoCollectionViewCell.swift */; };
		CE89A9D22AA8651F00FF8469 /* RMCharacterInfoCollectionViewCell.swift in Sources */ = {isa = PBXBuildFile; fileRef = CE89A9D12AA8651F00FF8469 /* RMCharacterInfoCollectionViewCell.swift */; };
		CE89A9D42AA8653700FF8469 /* RMCharacterEpisodeCollectionViewCell.swift in Sources */ = {isa = PBXBuildFile; fileRef = CE89A9D32AA8653700FF8469 /* RMCharacterEpisodeCollectionViewCell.swift */; };
		CEA321B52AAE3230009DFDFA /* RMGetAllEpisodesResponse.swift in Sources */ = {isa = PBXBuildFile; fileRef = CEA321B42AAE3230009DFDFA /* RMGetAllEpisodesResponse.swift */; };
		CEB8E0502AAF05F200E812AB /* RMSearchVC.swift in Sources */ = {isa = PBXBuildFile; fileRef = CEB8E04F2AAF05F200E812AB /* RMSearchVC.swift */; };
		CEB8E0552AAF4D4300E812AB /* RMEpisodeInfoCollectionViewCellVM.swift in Sources */ = {isa = PBXBuildFile; fileRef = CEB8E0542AAF4D4300E812AB /* RMEpisodeInfoCollectionViewCellVM.swift */; };
		CEB8E0572AAF5A1C00E812AB /* RMEpisodeInfoCollectionViewCell.swift in Sources */ = {isa = PBXBuildFile; fileRef = CEB8E0562AAF5A1C00E812AB /* RMEpisodeInfoCollectionViewCell.swift */; };
		CECE36CB2AB060DA00F8D2AF /* RMSettingsOption.swift in Sources */ = {isa = PBXBuildFile; fileRef = CECE36C82AB060DA00F8D2AF /* RMSettingsOption.swift */; };
		CECE36CC2AB060DA00F8D2AF /* RMSettingsViewViewModel.swift in Sources */ = {isa = PBXBuildFile; fileRef = CECE36C92AB060DA00F8D2AF /* RMSettingsViewViewModel.swift */; };
		CECE36CD2AB060DA00F8D2AF /* RMSettingsCellViewModel.swift in Sources */ = {isa = PBXBuildFile; fileRef = CECE36CA2AB060DA00F8D2AF /* RMSettingsCellViewModel.swift */; };
		CECE36D02AB0698500F8D2AF /* RMSettingsView.swift in Sources */ = {isa = PBXBuildFile; fileRef = CECE36CF2AB0698500F8D2AF /* RMSettingsView.swift */; };
		CECE36D82AB18D3800F8D2AF /* RMLocationView.swift in Sources */ = {isa = PBXBuildFile; fileRef = CECE36D72AB18D3800F8D2AF /* RMLocationView.swift */; };
		CECE36DA2AB190E200F8D2AF /* ConstraintsHelper.swift in Sources */ = {isa = PBXBuildFile; fileRef = CECE36D92AB190E200F8D2AF /* ConstraintsHelper.swift */; };
		CECE36DD2AB19F5A00F8D2AF /* RMLocationViewVM.swift in Sources */ = {isa = PBXBuildFile; fileRef = CECE36DC2AB19F5A00F8D2AF /* RMLocationViewVM.swift */; };
		CECE36DF2AB1B20200F8D2AF /* RMGetAllLocationsResponse.swift in Sources */ = {isa = PBXBuildFile; fileRef = CECE36DE2AB1B20200F8D2AF /* RMGetAllLocationsResponse.swift */; };
		CECE36E12AB1B7B500F8D2AF /* RMLocationTVCVM.swift in Sources */ = {isa = PBXBuildFile; fileRef = CECE36E02AB1B7B500F8D2AF /* RMLocationTVCVM.swift */; };
		CECE36E32AB1BBF500F8D2AF /* RMLocationTVC.swift in Sources */ = {isa = PBXBuildFile; fileRef = CECE36E22AB1BBF500F8D2AF /* RMLocationTVC.swift */; };
		CECE36E72AB1E47D00F8D2AF /* RMLocationDetailVC.swift in Sources */ = {isa = PBXBuildFile; fileRef = CECE36E62AB1E47D00F8D2AF /* RMLocationDetailVC.swift */; };
		CED72D402AADE4DA00C26533 /* RMEpisodesDetailVC.swift in Sources */ = {isa = PBXBuildFile; fileRef = CED72D3F2AADE4DA00C26533 /* RMEpisodesDetailVC.swift */; };
		CED72D422AAE03F300C26533 /* RMAPICacheManager.swift in Sources */ = {isa = PBXBuildFile; fileRef = CED72D412AAE03F300C26533 /* RMAPICacheManager.swift */; };
		CED72D442AAE111700C26533 /* RMEpisodeDetailViewVM.swift in Sources */ = {isa = PBXBuildFile; fileRef = CED72D432AAE111700C26533 /* RMEpisodeDetailViewVM.swift */; };
		CED72D462AAE119A00C26533 /* RMEpisodeDetailView.swift in Sources */ = {isa = PBXBuildFile; fileRef = CED72D452AAE119A00C26533 /* RMEpisodeDetailView.swift */; };
		CED72D4A2AAE274300C26533 /* RMEpisodesListView.swift in Sources */ = {isa = PBXBuildFile; fileRef = CED72D492AAE274300C26533 /* RMEpisodesListView.swift */; };
		CED72D4E2AAE28AC00C26533 /* RMEpisodeListViewVM.swift in Sources */ = {isa = PBXBuildFile; fileRef = CED72D4D2AAE28AC00C26533 /* RMEpisodeListViewVM.swift */; };
		CEF0CC522AA06699005E7E51 /* CharacterListViewVM.swift in Sources */ = {isa = PBXBuildFile; fileRef = CEF0CC512AA06699005E7E51 /* CharacterListViewVM.swift */; };
		CEF0CC542AA069E4005E7E51 /* CharacterListView.swift in Sources */ = {isa = PBXBuildFile; fileRef = CEF0CC532AA069E4005E7E51 /* CharacterListView.swift */; };
		CEF0CC562AA07E16005E7E51 /* Extensions.swift in Sources */ = {isa = PBXBuildFile; fileRef = CEF0CC552AA07E16005E7E51 /* Extensions.swift */; };
		CEF0CC582AA1A87C005E7E51 /* RMCharacterCollectionViewCell.swift in Sources */ = {isa = PBXBuildFile; fileRef = CEF0CC572AA1A87C005E7E51 /* RMCharacterCollectionViewCell.swift */; };
		CEF0CC5A2AA1AA59005E7E51 /* RMCharacterCollectionViewCellVM.swift in Sources */ = {isa = PBXBuildFile; fileRef = CEF0CC592AA1AA59005E7E51 /* RMCharacterCollectionViewCellVM.swift */; };
		CEF0CC5D2AA1E7D4005E7E51 /* RMCharacterDetailVC.swift in Sources */ = {isa = PBXBuildFile; fileRef = CEF0CC5C2AA1E7D4005E7E51 /* RMCharacterDetailVC.swift */; };
		CEF0CC5F2AA1EC98005E7E51 /* RMCharacterDetailView.swift in Sources */ = {isa = PBXBuildFile; fileRef = CEF0CC5E2AA1EC98005E7E51 /* RMCharacterDetailView.swift */; };
		CEF0CC612AA1ECD2005E7E51 /* RMCharacterDetailVM.swift in Sources */ = {isa = PBXBuildFile; fileRef = CEF0CC602AA1ECD2005E7E51 /* RMCharacterDetailVM.swift */; };
		CEF0CC632AA20A2E005E7E51 /* RMFooterLoadingCollectionReusableView.swift in Sources */ = {isa = PBXBuildFile; fileRef = CEF0CC622AA20A2E005E7E51 /* RMFooterLoadingCollectionReusableView.swift */; };
		CEF0CC662AA23643005E7E51 /* Kingfisher in Frameworks */ = {isa = PBXBuildFile; productRef = CEF0CC652AA23643005E7E51 /* Kingfisher */; };
/* End PBXBuildFile section */

/* Begin PBXContainerItemProxy section */
		CE4824A42A9C7CBC002B7669 /* PBXContainerItemProxy */ = {
			isa = PBXContainerItemProxy;
			containerPortal = CE4824852A9C7CBB002B7669 /* Project object */;
			proxyType = 1;
			remoteGlobalIDString = CE48248C2A9C7CBB002B7669;
			remoteInfo = Rickism;
		};
		CE4824AE2A9C7CBC002B7669 /* PBXContainerItemProxy */ = {
			isa = PBXContainerItemProxy;
			containerPortal = CE4824852A9C7CBB002B7669 /* Project object */;
			proxyType = 1;
			remoteGlobalIDString = CE48248C2A9C7CBB002B7669;
			remoteInfo = Rickism;
		};
/* End PBXContainerItemProxy section */

/* Begin PBXFileReference section */
		CE48248D2A9C7CBB002B7669 /* Rickism.app */ = {isa = PBXFileReference; explicitFileType = wrapper.application; includeInIndex = 0; path = Rickism.app; sourceTree = BUILT_PRODUCTS_DIR; };
		CE4824902A9C7CBB002B7669 /* AppDelegate.swift */ = {isa = PBXFileReference; lastKnownFileType = sourcecode.swift; path = AppDelegate.swift; sourceTree = "<group>"; };
		CE4824922A9C7CBB002B7669 /* SceneDelegate.swift */ = {isa = PBXFileReference; lastKnownFileType = sourcecode.swift; path = SceneDelegate.swift; sourceTree = "<group>"; };
		CE4824942A9C7CBB002B7669 /* RMTabBarController.swift */ = {isa = PBXFileReference; lastKnownFileType = sourcecode.swift; path = RMTabBarController.swift; sourceTree = "<group>"; };
		CE4824992A9C7CBC002B7669 /* Assets.xcassets */ = {isa = PBXFileReference; lastKnownFileType = folder.assetcatalog; path = Assets.xcassets; sourceTree = "<group>"; };
		CE48249C2A9C7CBC002B7669 /* Base */ = {isa = PBXFileReference; lastKnownFileType = file.storyboard; name = Base; path = Base.lproj/LaunchScreen.storyboard; sourceTree = "<group>"; };
		CE48249E2A9C7CBC002B7669 /* Info.plist */ = {isa = PBXFileReference; lastKnownFileType = text.plist.xml; path = Info.plist; sourceTree = "<group>"; };
		CE4824A32A9C7CBC002B7669 /* RickismTests.xctest */ = {isa = PBXFileReference; explicitFileType = wrapper.cfbundle; includeInIndex = 0; path = RickismTests.xctest; sourceTree = BUILT_PRODUCTS_DIR; };
		CE4824A72A9C7CBC002B7669 /* RickismTests.swift */ = {isa = PBXFileReference; lastKnownFileType = sourcecode.swift; path = RickismTests.swift; sourceTree = "<group>"; };
		CE4824AD2A9C7CBC002B7669 /* RickismUITests.xctest */ = {isa = PBXFileReference; explicitFileType = wrapper.cfbundle; includeInIndex = 0; path = RickismUITests.xctest; sourceTree = BUILT_PRODUCTS_DIR; };
		CE4824B12A9C7CBC002B7669 /* RickismUITests.swift */ = {isa = PBXFileReference; lastKnownFileType = sourcecode.swift; path = RickismUITests.swift; sourceTree = "<group>"; };
		CE4824B32A9C7CBC002B7669 /* RickismUITestsLaunchTests.swift */ = {isa = PBXFileReference; lastKnownFileType = sourcecode.swift; path = RickismUITestsLaunchTests.swift; sourceTree = "<group>"; };
		CE4824C82A9C8072002B7669 /* RMEpisodeVC.swift */ = {isa = PBXFileReference; lastKnownFileType = sourcecode.swift; path = RMEpisodeVC.swift; sourceTree = "<group>"; };
		CE4824CA2A9C8166002B7669 /* RMLocationVC.swift */ = {isa = PBXFileReference; lastKnownFileType = sourcecode.swift; path = RMLocationVC.swift; sourceTree = "<group>"; };
		CE4824CC2A9C8179002B7669 /* RMCharacterVC.swift */ = {isa = PBXFileReference; lastKnownFileType = sourcecode.swift; path = RMCharacterVC.swift; sourceTree = "<group>"; };
		CE4824CE2A9C8192002B7669 /* RMSettingsVC.swift */ = {isa = PBXFileReference; lastKnownFileType = sourcecode.swift; path = RMSettingsVC.swift; sourceTree = "<group>"; };
		CE4824D02A9C878B002B7669 /* Constants.swift */ = {isa = PBXFileReference; lastKnownFileType = sourcecode.swift; path = Constants.swift; sourceTree = "<group>"; };
		CE4824D22A9CC139002B7669 /* RMCharacter.swift */ = {isa = PBXFileReference; fileEncoding = 4; lastKnownFileType = sourcecode.swift; path = RMCharacter.swift; sourceTree = "<group>"; };
		CE4824D32A9CC139002B7669 /* RMOrigin.swift */ = {isa = PBXFileReference; fileEncoding = 4; lastKnownFileType = sourcecode.swift; path = RMOrigin.swift; sourceTree = "<group>"; };
		CE4824D42A9CC139002B7669 /* RMEpisode.swift */ = {isa = PBXFileReference; fileEncoding = 4; lastKnownFileType = sourcecode.swift; path = RMEpisode.swift; sourceTree = "<group>"; };
		CE4824D52A9CC139002B7669 /* RMCharacterStatus.swift */ = {isa = PBXFileReference; fileEncoding = 4; lastKnownFileType = sourcecode.swift; path = RMCharacterStatus.swift; sourceTree = "<group>"; };
		CE4824D62A9CC139002B7669 /* RMSingleLocation.swift */ = {isa = PBXFileReference; fileEncoding = 4; lastKnownFileType = sourcecode.swift; path = RMSingleLocation.swift; sourceTree = "<group>"; };
		CE4824D72A9CC139002B7669 /* RMCharacterGender.swift */ = {isa = PBXFileReference; fileEncoding = 4; lastKnownFileType = sourcecode.swift; path = RMCharacterGender.swift; sourceTree = "<group>"; };
		CE4824D82A9CC139002B7669 /* RMLocation.swift */ = {isa = PBXFileReference; fileEncoding = 4; lastKnownFileType = sourcecode.swift; path = RMLocation.swift; sourceTree = "<group>"; };
		CE4824E02A9CC3B2002B7669 /* RMEndpoint.swift */ = {isa = PBXFileReference; fileEncoding = 4; lastKnownFileType = sourcecode.swift; path = RMEndpoint.swift; sourceTree = "<group>"; };
		CE4824E12A9CC3B2002B7669 /* RMService.swift */ = {isa = PBXFileReference; fileEncoding = 4; lastKnownFileType = sourcecode.swift; path = RMService.swift; sourceTree = "<group>"; };
		CE4824E22A9CC3B2002B7669 /* RMRequest.swift */ = {isa = PBXFileReference; fileEncoding = 4; lastKnownFileType = sourcecode.swift; path = RMRequest.swift; sourceTree = "<group>"; };
		CE4824E82A9CDF69002B7669 /* RMGetAllCharactersResponse.swift */ = {isa = PBXFileReference; lastKnownFileType = sourcecode.swift; path = RMGetAllCharactersResponse.swift; sourceTree = "<group>"; };
		CE5843772AA3491300EDC0FB /* RMImageLoader.swift */ = {isa = PBXFileReference; lastKnownFileType = sourcecode.swift; path = RMImageLoader.swift; sourceTree = "<group>"; };
		CE726AD52AB420630006B092 /* RMLocationDetailView.swift */ = {isa = PBXFileReference; lastKnownFileType = sourcecode.swift; path = RMLocationDetailView.swift; sourceTree = "<group>"; };
		CE726AD72AB420D90006B092 /* RMLocationDetailViewVM.swift */ = {isa = PBXFileReference; lastKnownFileType = sourcecode.swift; path = RMLocationDetailViewVM.swift; sourceTree = "<group>"; };
		CE89A9C92AA8649500FF8469 /* RMCharacterPhotoCollectionViewCellVM.swift */ = {isa = PBXFileReference; lastKnownFileType = sourcecode.swift; path = RMCharacterPhotoCollectionViewCellVM.swift; sourceTree = "<group>"; };
		CE89A9CB2AA864B500FF8469 /* RMCharacterInfoCollectionViewCellVM.swift */ = {isa = PBXFileReference; lastKnownFileType = sourcecode.swift; path = RMCharacterInfoCollectionViewCellVM.swift; sourceTree = "<group>"; };
		CE89A9CD2AA864CB00FF8469 /* RMCharacterEpisodeCollectionViewCellVM.swift */ = {isa = PBXFileReference; lastKnownFileType = sourcecode.swift; path = RMCharacterEpisodeCollectionViewCellVM.swift; sourceTree = "<group>"; };
		CE89A9CF2AA8650E00FF8469 /* RMCharacterPhotoCollectionViewCell.swift */ = {isa = PBXFileReference; lastKnownFileType = sourcecode.swift; path = RMCharacterPhotoCollectionViewCell.swift; sourceTree = "<group>"; };
		CE89A9D12AA8651F00FF8469 /* RMCharacterInfoCollectionViewCell.swift */ = {isa = PBXFileReference; lastKnownFileType = sourcecode.swift; path = RMCharacterInfoCollectionViewCell.swift; sourceTree = "<group>"; };
		CE89A9D32AA8653700FF8469 /* RMCharacterEpisodeCollectionViewCell.swift */ = {isa = PBXFileReference; lastKnownFileType = sourcecode.swift; path = RMCharacterEpisodeCollectionViewCell.swift; sourceTree = "<group>"; };
		CEA321B42AAE3230009DFDFA /* RMGetAllEpisodesResponse.swift */ = {isa = PBXFileReference; lastKnownFileType = sourcecode.swift; path = RMGetAllEpisodesResponse.swift; sourceTree = "<group>"; };
		CEB8E04F2AAF05F200E812AB /* RMSearchVC.swift */ = {isa = PBXFileReference; lastKnownFileType = sourcecode.swift; path = RMSearchVC.swift; sourceTree = "<group>"; };
		CEB8E0542AAF4D4300E812AB /* RMEpisodeInfoCollectionViewCellVM.swift */ = {isa = PBXFileReference; lastKnownFileType = sourcecode.swift; path = RMEpisodeInfoCollectionViewCellVM.swift; sourceTree = "<group>"; };
		CEB8E0562AAF5A1C00E812AB /* RMEpisodeInfoCollectionViewCell.swift */ = {isa = PBXFileReference; lastKnownFileType = sourcecode.swift; path = RMEpisodeInfoCollectionViewCell.swift; sourceTree = "<group>"; };
		CECE36C82AB060DA00F8D2AF /* RMSettingsOption.swift */ = {isa = PBXFileReference; fileEncoding = 4; lastKnownFileType = sourcecode.swift; name = RMSettingsOption.swift; path = "../../../../tutorial completed /RickAndMortyiOSApp/RickAndMorty/ViewModels/Settings/RMSettingsOption.swift"; sourceTree = "<group>"; };
		CECE36C92AB060DA00F8D2AF /* RMSettingsViewViewModel.swift */ = {isa = PBXFileReference; fileEncoding = 4; lastKnownFileType = sourcecode.swift; name = RMSettingsViewViewModel.swift; path = "../../../../tutorial completed /RickAndMortyiOSApp/RickAndMorty/ViewModels/Settings/RMSettingsViewViewModel.swift"; sourceTree = "<group>"; };
		CECE36CA2AB060DA00F8D2AF /* RMSettingsCellViewModel.swift */ = {isa = PBXFileReference; fileEncoding = 4; lastKnownFileType = sourcecode.swift; name = RMSettingsCellViewModel.swift; path = "../../../../tutorial completed /RickAndMortyiOSApp/RickAndMorty/ViewModels/Settings/RMSettingsCellViewModel.swift"; sourceTree = "<group>"; };
		CECE36CF2AB0698500F8D2AF /* RMSettingsView.swift */ = {isa = PBXFileReference; lastKnownFileType = sourcecode.swift; path = RMSettingsView.swift; sourceTree = "<group>"; };
		CECE36D72AB18D3800F8D2AF /* RMLocationView.swift */ = {isa = PBXFileReference; lastKnownFileType = sourcecode.swift; path = RMLocationView.swift; sourceTree = "<group>"; };
		CECE36D92AB190E200F8D2AF /* ConstraintsHelper.swift */ = {isa = PBXFileReference; lastKnownFileType = sourcecode.swift; path = ConstraintsHelper.swift; sourceTree = "<group>"; };
		CECE36DC2AB19F5A00F8D2AF /* RMLocationViewVM.swift */ = {isa = PBXFileReference; lastKnownFileType = sourcecode.swift; path = RMLocationViewVM.swift; sourceTree = "<group>"; };
		CECE36DE2AB1B20200F8D2AF /* RMGetAllLocationsResponse.swift */ = {isa = PBXFileReference; lastKnownFileType = sourcecode.swift; path = RMGetAllLocationsResponse.swift; sourceTree = "<group>"; };
		CECE36E02AB1B7B500F8D2AF /* RMLocationTVCVM.swift */ = {isa = PBXFileReference; lastKnownFileType = sourcecode.swift; path = RMLocationTVCVM.swift; sourceTree = "<group>"; };
		CECE36E22AB1BBF500F8D2AF /* RMLocationTVC.swift */ = {isa = PBXFileReference; lastKnownFileType = sourcecode.swift; path = RMLocationTVC.swift; sourceTree = "<group>"; };
		CECE36E62AB1E47D00F8D2AF /* RMLocationDetailVC.swift */ = {isa = PBXFileReference; lastKnownFileType = sourcecode.swift; path = RMLocationDetailVC.swift; sourceTree = "<group>"; };
		CED72D3F2AADE4DA00C26533 /* RMEpisodesDetailVC.swift */ = {isa = PBXFileReference; lastKnownFileType = sourcecode.swift; path = RMEpisodesDetailVC.swift; sourceTree = "<group>"; };
		CED72D412AAE03F300C26533 /* RMAPICacheManager.swift */ = {isa = PBXFileReference; lastKnownFileType = sourcecode.swift; path = RMAPICacheManager.swift; sourceTree = "<group>"; };
		CED72D432AAE111700C26533 /* RMEpisodeDetailViewVM.swift */ = {isa = PBXFileReference; lastKnownFileType = sourcecode.swift; name = RMEpisodeDetailViewVM.swift; path = ../Character/CharacterDetail/RMEpisodeDetailViewVM.swift; sourceTree = "<group>"; };
		CED72D452AAE119A00C26533 /* RMEpisodeDetailView.swift */ = {isa = PBXFileReference; lastKnownFileType = sourcecode.swift; path = RMEpisodeDetailView.swift; sourceTree = "<group>"; };
		CED72D492AAE274300C26533 /* RMEpisodesListView.swift */ = {isa = PBXFileReference; lastKnownFileType = sourcecode.swift; path = RMEpisodesListView.swift; sourceTree = "<group>"; };
		CED72D4D2AAE28AC00C26533 /* RMEpisodeListViewVM.swift */ = {isa = PBXFileReference; lastKnownFileType = sourcecode.swift; path = RMEpisodeListViewVM.swift; sourceTree = "<group>"; };
		CEF0CC512AA06699005E7E51 /* CharacterListViewVM.swift */ = {isa = PBXFileReference; lastKnownFileType = sourcecode.swift; path = CharacterListViewVM.swift; sourceTree = "<group>"; };
		CEF0CC532AA069E4005E7E51 /* CharacterListView.swift */ = {isa = PBXFileReference; lastKnownFileType = sourcecode.swift; path = CharacterListView.swift; sourceTree = "<group>"; };
		CEF0CC552AA07E16005E7E51 /* Extensions.swift */ = {isa = PBXFileReference; lastKnownFileType = sourcecode.swift; path = Extensions.swift; sourceTree = "<group>"; };
		CEF0CC572AA1A87C005E7E51 /* RMCharacterCollectionViewCell.swift */ = {isa = PBXFileReference; lastKnownFileType = sourcecode.swift; path = RMCharacterCollectionViewCell.swift; sourceTree = "<group>"; };
		CEF0CC592AA1AA59005E7E51 /* RMCharacterCollectionViewCellVM.swift */ = {isa = PBXFileReference; lastKnownFileType = sourcecode.swift; path = RMCharacterCollectionViewCellVM.swift; sourceTree = "<group>"; };
		CEF0CC5C2AA1E7D4005E7E51 /* RMCharacterDetailVC.swift */ = {isa = PBXFileReference; lastKnownFileType = sourcecode.swift; path = RMCharacterDetailVC.swift; sourceTree = "<group>"; };
		CEF0CC5E2AA1EC98005E7E51 /* RMCharacterDetailView.swift */ = {isa = PBXFileReference; lastKnownFileType = sourcecode.swift; path = RMCharacterDetailView.swift; sourceTree = "<group>"; };
		CEF0CC602AA1ECD2005E7E51 /* RMCharacterDetailVM.swift */ = {isa = PBXFileReference; lastKnownFileType = sourcecode.swift; path = RMCharacterDetailVM.swift; sourceTree = "<group>"; };
		CEF0CC622AA20A2E005E7E51 /* RMFooterLoadingCollectionReusableView.swift */ = {isa = PBXFileReference; lastKnownFileType = sourcecode.swift; path = RMFooterLoadingCollectionReusableView.swift; sourceTree = "<group>"; };
/* End PBXFileReference section */

/* Begin PBXFrameworksBuildPhase section */
		CE48248A2A9C7CBB002B7669 /* Frameworks */ = {
			isa = PBXFrameworksBuildPhase;
			buildActionMask = 2147483647;
			files = (
				CEF0CC662AA23643005E7E51 /* Kingfisher in Frameworks */,
			);
			runOnlyForDeploymentPostprocessing = 0;
		};
		CE4824A02A9C7CBC002B7669 /* Frameworks */ = {
			isa = PBXFrameworksBuildPhase;
			buildActionMask = 2147483647;
			files = (
			);
			runOnlyForDeploymentPostprocessing = 0;
		};
		CE4824AA2A9C7CBC002B7669 /* Frameworks */ = {
			isa = PBXFrameworksBuildPhase;
			buildActionMask = 2147483647;
			files = (
			);
			runOnlyForDeploymentPostprocessing = 0;
		};
/* End PBXFrameworksBuildPhase section */

/* Begin PBXGroup section */
		CE4824842A9C7CBB002B7669 = {
			isa = PBXGroup;
			children = (
				CE48248F2A9C7CBB002B7669 /* Rickism */,
				CE4824A62A9C7CBC002B7669 /* RickismTests */,
				CE4824B02A9C7CBC002B7669 /* RickismUITests */,
				CE48248E2A9C7CBB002B7669 /* Products */,
			);
			sourceTree = "<group>";
		};
		CE48248E2A9C7CBB002B7669 /* Products */ = {
			isa = PBXGroup;
			children = (
				CE48248D2A9C7CBB002B7669 /* Rickism.app */,
				CE4824A32A9C7CBC002B7669 /* RickismTests.xctest */,
				CE4824AD2A9C7CBC002B7669 /* RickismUITests.xctest */,
			);
			name = Products;
			sourceTree = "<group>";
		};
		CE48248F2A9C7CBB002B7669 /* Rickism */ = {
			isa = PBXGroup;
			children = (
				CE4824C62A9C7F69002B7669 /* Managers */,
				CE4824C52A9C7F51002B7669 /* Resources */,
				CE4824C42A9C7F46002B7669 /* APIClient */,
				CE4824C32A9C7F27002B7669 /* Controllers */,
				CE4824C22A9C7EEE002B7669 /* VIewModel */,
				CE4824C12A9C7EE4002B7669 /* View */,
				CE4824C02A9C7ED9002B7669 /* Models */,
				CE48249E2A9C7CBC002B7669 /* Info.plist */,
			);
			path = Rickism;
			sourceTree = "<group>";
		};
		CE4824A62A9C7CBC002B7669 /* RickismTests */ = {
			isa = PBXGroup;
			children = (
				CE4824A72A9C7CBC002B7669 /* RickismTests.swift */,
			);
			path = RickismTests;
			sourceTree = "<group>";
		};
		CE4824B02A9C7CBC002B7669 /* RickismUITests */ = {
			isa = PBXGroup;
			children = (
				CE4824B12A9C7CBC002B7669 /* RickismUITests.swift */,
				CE4824B32A9C7CBC002B7669 /* RickismUITestsLaunchTests.swift */,
			);
			path = RickismUITests;
			sourceTree = "<group>";
		};
		CE4824C02A9C7ED9002B7669 /* Models */ = {
			isa = PBXGroup;
			children = (
				CE4824E72A9CDF4A002B7669 /* APIResponseTypes */,
				CE4824E62A9CDF3E002B7669 /* DataTypes */,
			);
			path = Models;
			sourceTree = "<group>";
		};
		CE4824C12A9C7EE4002B7669 /* View */ = {
			isa = PBXGroup;
			children = (
				CECE36D62AB18CF900F8D2AF /* Location */,
				CECE36CE2AB0694C00F8D2AF /* SwiftUI */,
				CED72D482AAE260100C26533 /* Episodes */,
				CED72D472AAE25F300C26533 /* Character */,
			);
			path = View;
			sourceTree = "<group>";
		};
		CE4824C22A9C7EEE002B7669 /* VIewModel */ = {
			isa = PBXGroup;
			children = (
				CECE36DB2AB19F4900F8D2AF /* Location */,
				CEF0CC622AA20A2E005E7E51 /* RMFooterLoadingCollectionReusableView.swift */,
				CECE36C72AB0608400F8D2AF /* Settings */,
				CED72D4C2AAE288A00C26533 /* Episode */,
				CED72D4B2AAE288300C26533 /* Character */,
			);
			path = VIewModel;
			sourceTree = "<group>";
		};
		CE4824C32A9C7F27002B7669 /* Controllers */ = {
			isa = PBXGroup;
			children = (
				CECE36D12AB06B6B00F8D2AF /* Settings */,
				CEB8E04E2AAF05D800E812AB /* Other */,
				CEF0CC5B2AA1E7AF005E7E51 /* DetailedScreenVCs */,
				CE4824C72A9C802E002B7669 /* Core */,
			);
			path = Controllers;
			sourceTree = "<group>";
		};
		CE4824C42A9C7F46002B7669 /* APIClient */ = {
			isa = PBXGroup;
			children = (
				CE4824E02A9CC3B2002B7669 /* RMEndpoint.swift */,
				CE4824E22A9CC3B2002B7669 /* RMRequest.swift */,
				CE4824E12A9CC3B2002B7669 /* RMService.swift */,
			);
			path = APIClient;
			sourceTree = "<group>";
		};
		CE4824C52A9C7F51002B7669 /* Resources */ = {
			isa = PBXGroup;
			children = (
				CE4824902A9C7CBB002B7669 /* AppDelegate.swift */,
				CE4824992A9C7CBC002B7669 /* Assets.xcassets */,
				CE48249B2A9C7CBC002B7669 /* LaunchScreen.storyboard */,
				CE4824922A9C7CBB002B7669 /* SceneDelegate.swift */,
				CE4824D02A9C878B002B7669 /* Constants.swift */,
				CEF0CC552AA07E16005E7E51 /* Extensions.swift */,
			);
			path = Resources;
			sourceTree = "<group>";
		};
		CE4824C62A9C7F69002B7669 /* Managers */ = {
			isa = PBXGroup;
			children = (
				CE5843772AA3491300EDC0FB /* RMImageLoader.swift */,
				CED72D412AAE03F300C26533 /* RMAPICacheManager.swift */,
				CECE36D92AB190E200F8D2AF /* ConstraintsHelper.swift */,
			);
			path = Managers;
			sourceTree = "<group>";
		};
		CE4824C72A9C802E002B7669 /* Core */ = {
			isa = PBXGroup;
			children = (
				CE4824942A9C7CBB002B7669 /* RMTabBarController.swift */,
				CE4824C82A9C8072002B7669 /* RMEpisodeVC.swift */,
				CE4824CA2A9C8166002B7669 /* RMLocationVC.swift */,
				CE4824CC2A9C8179002B7669 /* RMCharacterVC.swift */,
				CE4824CE2A9C8192002B7669 /* RMSettingsVC.swift */,
			);
			path = Core;
			sourceTree = "<group>";
		};
		CE4824E62A9CDF3E002B7669 /* DataTypes */ = {
			isa = PBXGroup;
			children = (
				CE4824D22A9CC139002B7669 /* RMCharacter.swift */,
				CE4824D72A9CC139002B7669 /* RMCharacterGender.swift */,
				CE4824D52A9CC139002B7669 /* RMCharacterStatus.swift */,
				CE4824D42A9CC139002B7669 /* RMEpisode.swift */,
				CE4824D82A9CC139002B7669 /* RMLocation.swift */,
				CE4824D32A9CC139002B7669 /* RMOrigin.swift */,
				CE4824D62A9CC139002B7669 /* RMSingleLocation.swift */,
			);
			path = DataTypes;
			sourceTree = "<group>";
		};
		CE4824E72A9CDF4A002B7669 /* APIResponseTypes */ = {
			isa = PBXGroup;
			children = (
				CE4824E82A9CDF69002B7669 /* RMGetAllCharactersResponse.swift */,
				CEA321B42AAE3230009DFDFA /* RMGetAllEpisodesResponse.swift */,
				CECE36DE2AB1B20200F8D2AF /* RMGetAllLocationsResponse.swift */,
			);
			path = APIResponseTypes;
			sourceTree = "<group>";
		};
		CE89A9C62AA863EB00FF8469 /* CharacterDetail */ = {
			isa = PBXGroup;
			children = (
				CEF0CC602AA1ECD2005E7E51 /* RMCharacterDetailVM.swift */,
				CE89A9C92AA8649500FF8469 /* RMCharacterPhotoCollectionViewCellVM.swift */,
				CE89A9CB2AA864B500FF8469 /* RMCharacterInfoCollectionViewCellVM.swift */,
				CE89A9CD2AA864CB00FF8469 /* RMCharacterEpisodeCollectionViewCellVM.swift */,
			);
			path = CharacterDetail;
			sourceTree = "<group>";
		};
		CE89A9D52AA8696700FF8469 /* characterDetails */ = {
			isa = PBXGroup;
			children = (
				CED72D3E2AADE48F00C26533 /* ViewCells */,
				CEF0CC5E2AA1EC98005E7E51 /* RMCharacterDetailView.swift */,
			);
			path = characterDetails;
			sourceTree = "<group>";
		};
		CEB8E04E2AAF05D800E812AB /* Other */ = {
			isa = PBXGroup;
			children = (
				CEB8E04F2AAF05F200E812AB /* RMSearchVC.swift */,
			);
			path = Other;
			sourceTree = "<group>";
		};
		CEB8E0532AAF4D1600E812AB /* EpisodeDetails */ = {
			isa = PBXGroup;
			children = (
				CEB8E0542AAF4D4300E812AB /* RMEpisodeInfoCollectionViewCellVM.swift */,
			);
			path = EpisodeDetails;
			sourceTree = "<group>";
		};
		CECE36C72AB0608400F8D2AF /* Settings */ = {
			isa = PBXGroup;
			children = (
				CECE36CA2AB060DA00F8D2AF /* RMSettingsCellViewModel.swift */,
				CECE36C82AB060DA00F8D2AF /* RMSettingsOption.swift */,
				CECE36C92AB060DA00F8D2AF /* RMSettingsViewViewModel.swift */,
			);
			path = Settings;
			sourceTree = "<group>";
		};
		CECE36CE2AB0694C00F8D2AF /* SwiftUI */ = {
			isa = PBXGroup;
			children = (
				CECE36CF2AB0698500F8D2AF /* RMSettingsView.swift */,
			);
			path = SwiftUI;
			sourceTree = "<group>";
		};
		CECE36D12AB06B6B00F8D2AF /* Settings */ = {
			isa = PBXGroup;
			children = (
			);
			path = Settings;
			sourceTree = "<group>";
		};
		CECE36D62AB18CF900F8D2AF /* Location */ = {
			isa = PBXGroup;
			children = (
				CECE36D72AB18D3800F8D2AF /* RMLocationView.swift */,
				CECE36E22AB1BBF500F8D2AF /* RMLocationTVC.swift */,
				CE726AD52AB420630006B092 /* RMLocationDetailView.swift */,
			);
			path = Location;
			sourceTree = "<group>";
		};
		CECE36DB2AB19F4900F8D2AF /* Location */ = {
			isa = PBXGroup;
			children = (
				CECE36DC2AB19F5A00F8D2AF /* RMLocationViewVM.swift */,
				CECE36E02AB1B7B500F8D2AF /* RMLocationTVCVM.swift */,
				CE726AD72AB420D90006B092 /* RMLocationDetailViewVM.swift */,
			);
			path = Location;
			sourceTree = "<group>";
		};
		CED72D3E2AADE48F00C26533 /* ViewCells */ = {
			isa = PBXGroup;
			children = (
				CEF0CC572AA1A87C005E7E51 /* RMCharacterCollectionViewCell.swift */,
				CE89A9CF2AA8650E00FF8469 /* RMCharacterPhotoCollectionViewCell.swift */,
				CE89A9D12AA8651F00FF8469 /* RMCharacterInfoCollectionViewCell.swift */,
				CE89A9D32AA8653700FF8469 /* RMCharacterEpisodeCollectionViewCell.swift */,
			);
			path = ViewCells;
			sourceTree = "<group>";
		};
		CED72D472AAE25F300C26533 /* Character */ = {
			isa = PBXGroup;
			children = (
				CE89A9D52AA8696700FF8469 /* characterDetails */,
				CEF0CC532AA069E4005E7E51 /* CharacterListView.swift */,
			);
			path = Character;
			sourceTree = "<group>";
		};
		CED72D482AAE260100C26533 /* Episodes */ = {
			isa = PBXGroup;
			children = (
				CED72D4F2AAE2A2D00C26533 /* ViewCells */,
				CED72D492AAE274300C26533 /* RMEpisodesListView.swift */,
				CED72D452AAE119A00C26533 /* RMEpisodeDetailView.swift */,
			);
			path = Episodes;
			sourceTree = "<group>";
		};
		CED72D4B2AAE288300C26533 /* Character */ = {
			isa = PBXGroup;
			children = (
				CE89A9C62AA863EB00FF8469 /* CharacterDetail */,
				CEF0CC512AA06699005E7E51 /* CharacterListViewVM.swift */,
				CEF0CC592AA1AA59005E7E51 /* RMCharacterCollectionViewCellVM.swift */,
			);
			path = Character;
			sourceTree = "<group>";
		};
		CED72D4C2AAE288A00C26533 /* Episode */ = {
			isa = PBXGroup;
			children = (
				CEB8E0532AAF4D1600E812AB /* EpisodeDetails */,
				CED72D4D2AAE28AC00C26533 /* RMEpisodeListViewVM.swift */,
				CED72D432AAE111700C26533 /* RMEpisodeDetailViewVM.swift */,
			);
			path = Episode;
			sourceTree = "<group>";
		};
		CED72D4F2AAE2A2D00C26533 /* ViewCells */ = {
			isa = PBXGroup;
			children = (
				CEB8E0562AAF5A1C00E812AB /* RMEpisodeInfoCollectionViewCell.swift */,
			);
			path = ViewCells;
			sourceTree = "<group>";
		};
		CEF0CC5B2AA1E7AF005E7E51 /* DetailedScreenVCs */ = {
			isa = PBXGroup;
			children = (
				CEF0CC5C2AA1E7D4005E7E51 /* RMCharacterDetailVC.swift */,
				CED72D3F2AADE4DA00C26533 /* RMEpisodesDetailVC.swift */,
				CECE36E62AB1E47D00F8D2AF /* RMLocationDetailVC.swift */,
			);
			path = DetailedScreenVCs;
			sourceTree = "<group>";
		};
/* End PBXGroup section */

/* Begin PBXNativeTarget section */
		CE48248C2A9C7CBB002B7669 /* Rickism */ = {
			isa = PBXNativeTarget;
			buildConfigurationList = CE4824B72A9C7CBC002B7669 /* Build configuration list for PBXNativeTarget "Rickism" */;
			buildPhases = (
				CE4824892A9C7CBB002B7669 /* Sources */,
				CE48248A2A9C7CBB002B7669 /* Frameworks */,
				CE48248B2A9C7CBB002B7669 /* Resources */,
			);
			buildRules = (
			);
			dependencies = (
			);
			name = Rickism;
			packageProductDependencies = (
				CEF0CC652AA23643005E7E51 /* Kingfisher */,
			);
			productName = Rickism;
			productReference = CE48248D2A9C7CBB002B7669 /* Rickism.app */;
			productType = "com.apple.product-type.application";
		};
		CE4824A22A9C7CBC002B7669 /* RickismTests */ = {
			isa = PBXNativeTarget;
			buildConfigurationList = CE4824BA2A9C7CBC002B7669 /* Build configuration list for PBXNativeTarget "RickismTests" */;
			buildPhases = (
				CE48249F2A9C7CBC002B7669 /* Sources */,
				CE4824A02A9C7CBC002B7669 /* Frameworks */,
				CE4824A12A9C7CBC002B7669 /* Resources */,
			);
			buildRules = (
			);
			dependencies = (
				CE4824A52A9C7CBC002B7669 /* PBXTargetDependency */,
			);
			name = RickismTests;
			productName = RickismTests;
			productReference = CE4824A32A9C7CBC002B7669 /* RickismTests.xctest */;
			productType = "com.apple.product-type.bundle.unit-test";
		};
		CE4824AC2A9C7CBC002B7669 /* RickismUITests */ = {
			isa = PBXNativeTarget;
			buildConfigurationList = CE4824BD2A9C7CBC002B7669 /* Build configuration list for PBXNativeTarget "RickismUITests" */;
			buildPhases = (
				CE4824A92A9C7CBC002B7669 /* Sources */,
				CE4824AA2A9C7CBC002B7669 /* Frameworks */,
				CE4824AB2A9C7CBC002B7669 /* Resources */,
			);
			buildRules = (
			);
			dependencies = (
				CE4824AF2A9C7CBC002B7669 /* PBXTargetDependency */,
			);
			name = RickismUITests;
			productName = RickismUITests;
			productReference = CE4824AD2A9C7CBC002B7669 /* RickismUITests.xctest */;
			productType = "com.apple.product-type.bundle.ui-testing";
		};
/* End PBXNativeTarget section */

/* Begin PBXProject section */
		CE4824852A9C7CBB002B7669 /* Project object */ = {
			isa = PBXProject;
			attributes = {
				BuildIndependentTargetsInParallel = 1;
				LastSwiftUpdateCheck = 1430;
				LastUpgradeCheck = 1430;
				TargetAttributes = {
					CE48248C2A9C7CBB002B7669 = {
						CreatedOnToolsVersion = 14.3.1;
					};
					CE4824A22A9C7CBC002B7669 = {
						CreatedOnToolsVersion = 14.3.1;
						TestTargetID = CE48248C2A9C7CBB002B7669;
					};
					CE4824AC2A9C7CBC002B7669 = {
						CreatedOnToolsVersion = 14.3.1;
						TestTargetID = CE48248C2A9C7CBB002B7669;
					};
				};
			};
			buildConfigurationList = CE4824882A9C7CBB002B7669 /* Build configuration list for PBXProject "Rickism" */;
			compatibilityVersion = "Xcode 14.0";
			developmentRegion = en;
			hasScannedForEncodings = 0;
			knownRegions = (
				en,
				Base,
			);
			mainGroup = CE4824842A9C7CBB002B7669;
			packageReferences = (
				CEF0CC642AA23643005E7E51 /* XCRemoteSwiftPackageReference "Kingfisher" */,
			);
			productRefGroup = CE48248E2A9C7CBB002B7669 /* Products */;
			projectDirPath = "";
			projectRoot = "";
			targets = (
				CE48248C2A9C7CBB002B7669 /* Rickism */,
				CE4824A22A9C7CBC002B7669 /* RickismTests */,
				CE4824AC2A9C7CBC002B7669 /* RickismUITests */,
			);
		};
/* End PBXProject section */

/* Begin PBXResourcesBuildPhase section */
		CE48248B2A9C7CBB002B7669 /* Resources */ = {
			isa = PBXResourcesBuildPhase;
			buildActionMask = 2147483647;
			files = (
				CE48249D2A9C7CBC002B7669 /* LaunchScreen.storyboard in Resources */,
				CE48249A2A9C7CBC002B7669 /* Assets.xcassets in Resources */,
			);
			runOnlyForDeploymentPostprocessing = 0;
		};
		CE4824A12A9C7CBC002B7669 /* Resources */ = {
			isa = PBXResourcesBuildPhase;
			buildActionMask = 2147483647;
			files = (
			);
			runOnlyForDeploymentPostprocessing = 0;
		};
		CE4824AB2A9C7CBC002B7669 /* Resources */ = {
			isa = PBXResourcesBuildPhase;
			buildActionMask = 2147483647;
			files = (
			);
			runOnlyForDeploymentPostprocessing = 0;
		};
/* End PBXResourcesBuildPhase section */

/* Begin PBXSourcesBuildPhase section */
		CE4824892A9C7CBB002B7669 /* Sources */ = {
			isa = PBXSourcesBuildPhase;
			buildActionMask = 2147483647;
			files = (
				CE4824952A9C7CBB002B7669 /* RMTabBarController.swift in Sources */,
				CED72D462AAE119A00C26533 /* RMEpisodeDetailView.swift in Sources */,
				CECE36CB2AB060DA00F8D2AF /* RMSettingsOption.swift in Sources */,
				CED72D4E2AAE28AC00C26533 /* RMEpisodeListViewVM.swift in Sources */,
				CEF0CC5F2AA1EC98005E7E51 /* RMCharacterDetailView.swift in Sources */,
				CE4824CD2A9C8179002B7669 /* RMCharacterVC.swift in Sources */,
				CEB8E0572AAF5A1C00E812AB /* RMEpisodeInfoCollectionViewCell.swift in Sources */,
				CE4824E42A9CC3B2002B7669 /* RMService.swift in Sources */,
				CEF0CC582AA1A87C005E7E51 /* RMCharacterCollectionViewCell.swift in Sources */,
				CECE36E12AB1B7B500F8D2AF /* RMLocationTVCVM.swift in Sources */,
				CE89A9D42AA8653700FF8469 /* RMCharacterEpisodeCollectionViewCell.swift in Sources */,
				CED72D402AADE4DA00C26533 /* RMEpisodesDetailVC.swift in Sources */,
				CEF0CC612AA1ECD2005E7E51 /* RMCharacterDetailVM.swift in Sources */,
				CE89A9CE2AA864CB00FF8469 /* RMCharacterEpisodeCollectionViewCellVM.swift in Sources */,
				CE4824DC2A9CC139002B7669 /* RMCharacterStatus.swift in Sources */,
				CE4824DE2A9CC139002B7669 /* RMCharacterGender.swift in Sources */,
				CE4824CB2A9C8166002B7669 /* RMLocationVC.swift in Sources */,
				CE4824DD2A9CC139002B7669 /* RMSingleLocation.swift in Sources */,
				CECE36DA2AB190E200F8D2AF /* ConstraintsHelper.swift in Sources */,
				CEB8E0552AAF4D4300E812AB /* RMEpisodeInfoCollectionViewCellVM.swift in Sources */,
				CE4824912A9C7CBB002B7669 /* AppDelegate.swift in Sources */,
				CE4824DF2A9CC139002B7669 /* RMLocation.swift in Sources */,
				CEF0CC562AA07E16005E7E51 /* Extensions.swift in Sources */,
				CE89A9CC2AA864B500FF8469 /* RMCharacterInfoCollectionViewCellVM.swift in Sources */,
				CEF0CC5D2AA1E7D4005E7E51 /* RMCharacterDetailVC.swift in Sources */,
				CEF0CC542AA069E4005E7E51 /* CharacterListView.swift in Sources */,
				CE4824932A9C7CBB002B7669 /* SceneDelegate.swift in Sources */,
				CECE36CC2AB060DA00F8D2AF /* RMSettingsViewViewModel.swift in Sources */,
				CE4824E52A9CC3B2002B7669 /* RMRequest.swift in Sources */,
				CE89A9D02AA8650E00FF8469 /* RMCharacterPhotoCollectionViewCell.swift in Sources */,
				CECE36E32AB1BBF500F8D2AF /* RMLocationTVC.swift in Sources */,
				CE726AD82AB420D90006B092 /* RMLocationDetailViewVM.swift in Sources */,
				CECE36E72AB1E47D00F8D2AF /* RMLocationDetailVC.swift in Sources */,
				CE4824CF2A9C8192002B7669 /* RMSettingsVC.swift in Sources */,
				CECE36DF2AB1B20200F8D2AF /* RMGetAllLocationsResponse.swift in Sources */,
				CED72D442AAE111700C26533 /* RMEpisodeDetailViewVM.swift in Sources */,
				CE5843782AA3491300EDC0FB /* RMImageLoader.swift in Sources */,
				CE4824D92A9CC139002B7669 /* RMCharacter.swift in Sources */,
				CEB8E0502AAF05F200E812AB /* RMSearchVC.swift in Sources */,
				CE89A9D22AA8651F00FF8469 /* RMCharacterInfoCollectionViewCell.swift in Sources */,
				CECE36D02AB0698500F8D2AF /* RMSettingsView.swift in Sources */,
				CE4824E32A9CC3B2002B7669 /* RMEndpoint.swift in Sources */,
				CED72D4A2AAE274300C26533 /* RMEpisodesListView.swift in Sources */,
				CECE36CD2AB060DA00F8D2AF /* RMSettingsCellViewModel.swift in Sources */,
				CECE36D82AB18D3800F8D2AF /* RMLocationView.swift in Sources */,
				CEA321B52AAE3230009DFDFA /* RMGetAllEpisodesResponse.swift in Sources */,
				CE89A9CA2AA8649500FF8469 /* RMCharacterPhotoCollectionViewCellVM.swift in Sources */,
				CED72D422AAE03F300C26533 /* RMAPICacheManager.swift in Sources */,
				CECE36DD2AB19F5A00F8D2AF /* RMLocationViewVM.swift in Sources */,
				CE4824C92A9C8072002B7669 /* RMEpisodeVC.swift in Sources */,
				CE4824DA2A9CC139002B7669 /* RMOrigin.swift in Sources */,
				CE4824E92A9CDF69002B7669 /* RMGetAllCharactersResponse.swift in Sources */,
				CE4824D12A9C878B002B7669 /* Constants.swift in Sources */,
				CEF0CC632AA20A2E005E7E51 /* RMFooterLoadingCollectionReusableView.swift in Sources */,
				CEF0CC522AA06699005E7E51 /* CharacterListViewVM.swift in Sources */,
				CEF0CC5A2AA1AA59005E7E51 /* RMCharacterCollectionViewCellVM.swift in Sources */,
				CE726AD62AB420630006B092 /* RMLocationDetailView.swift in Sources */,
				CE4824DB2A9CC139002B7669 /* RMEpisode.swift in Sources */,
			);
			runOnlyForDeploymentPostprocessing = 0;
		};
		CE48249F2A9C7CBC002B7669 /* Sources */ = {
			isa = PBXSourcesBuildPhase;
			buildActionMask = 2147483647;
			files = (
				CE4824A82A9C7CBC002B7669 /* RickismTests.swift in Sources */,
			);
			runOnlyForDeploymentPostprocessing = 0;
		};
		CE4824A92A9C7CBC002B7669 /* Sources */ = {
			isa = PBXSourcesBuildPhase;
			buildActionMask = 2147483647;
			files = (
				CE4824B22A9C7CBC002B7669 /* RickismUITests.swift in Sources */,
				CE4824B42A9C7CBC002B7669 /* RickismUITestsLaunchTests.swift in Sources */,
			);
			runOnlyForDeploymentPostprocessing = 0;
		};
/* End PBXSourcesBuildPhase section */

/* Begin PBXTargetDependency section */
		CE4824A52A9C7CBC002B7669 /* PBXTargetDependency */ = {
			isa = PBXTargetDependency;
			target = CE48248C2A9C7CBB002B7669 /* Rickism */;
			targetProxy = CE4824A42A9C7CBC002B7669 /* PBXContainerItemProxy */;
		};
		CE4824AF2A9C7CBC002B7669 /* PBXTargetDependency */ = {
			isa = PBXTargetDependency;
			target = CE48248C2A9C7CBB002B7669 /* Rickism */;
			targetProxy = CE4824AE2A9C7CBC002B7669 /* PBXContainerItemProxy */;
		};
/* End PBXTargetDependency section */

/* Begin PBXVariantGroup section */
		CE48249B2A9C7CBC002B7669 /* LaunchScreen.storyboard */ = {
			isa = PBXVariantGroup;
			children = (
				CE48249C2A9C7CBC002B7669 /* Base */,
			);
			name = LaunchScreen.storyboard;
			sourceTree = "<group>";
		};
/* End PBXVariantGroup section */

/* Begin XCBuildConfiguration section */
		CE4824B52A9C7CBC002B7669 /* Debug */ = {
			isa = XCBuildConfiguration;
			buildSettings = {
				ALWAYS_SEARCH_USER_PATHS = NO;
				CLANG_ANALYZER_NONNULL = YES;
				CLANG_ANALYZER_NUMBER_OBJECT_CONVERSION = YES_AGGRESSIVE;
				CLANG_CXX_LANGUAGE_STANDARD = "gnu++20";
				CLANG_ENABLE_MODULES = YES;
				CLANG_ENABLE_OBJC_ARC = YES;
				CLANG_ENABLE_OBJC_WEAK = YES;
				CLANG_WARN_BLOCK_CAPTURE_AUTORELEASING = YES;
				CLANG_WARN_BOOL_CONVERSION = YES;
				CLANG_WARN_COMMA = YES;
				CLANG_WARN_CONSTANT_CONVERSION = YES;
				CLANG_WARN_DEPRECATED_OBJC_IMPLEMENTATIONS = YES;
				CLANG_WARN_DIRECT_OBJC_ISA_USAGE = YES_ERROR;
				CLANG_WARN_DOCUMENTATION_COMMENTS = YES;
				CLANG_WARN_EMPTY_BODY = YES;
				CLANG_WARN_ENUM_CONVERSION = YES;
				CLANG_WARN_INFINITE_RECURSION = YES;
				CLANG_WARN_INT_CONVERSION = YES;
				CLANG_WARN_NON_LITERAL_NULL_CONVERSION = YES;
				CLANG_WARN_OBJC_IMPLICIT_RETAIN_SELF = YES;
				CLANG_WARN_OBJC_LITERAL_CONVERSION = YES;
				CLANG_WARN_OBJC_ROOT_CLASS = YES_ERROR;
				CLANG_WARN_QUOTED_INCLUDE_IN_FRAMEWORK_HEADER = YES;
				CLANG_WARN_RANGE_LOOP_ANALYSIS = YES;
				CLANG_WARN_STRICT_PROTOTYPES = YES;
				CLANG_WARN_SUSPICIOUS_MOVE = YES;
				CLANG_WARN_UNGUARDED_AVAILABILITY = YES_AGGRESSIVE;
				CLANG_WARN_UNREACHABLE_CODE = YES;
				CLANG_WARN__DUPLICATE_METHOD_MATCH = YES;
				COPY_PHASE_STRIP = NO;
				DEBUG_INFORMATION_FORMAT = dwarf;
				ENABLE_STRICT_OBJC_MSGSEND = YES;
				ENABLE_TESTABILITY = YES;
				GCC_C_LANGUAGE_STANDARD = gnu11;
				GCC_DYNAMIC_NO_PIC = NO;
				GCC_NO_COMMON_BLOCKS = YES;
				GCC_OPTIMIZATION_LEVEL = 0;
				GCC_PREPROCESSOR_DEFINITIONS = (
					"DEBUG=1",
					"$(inherited)",
				);
				GCC_WARN_64_TO_32_BIT_CONVERSION = YES;
				GCC_WARN_ABOUT_RETURN_TYPE = YES_ERROR;
				GCC_WARN_UNDECLARED_SELECTOR = YES;
				GCC_WARN_UNINITIALIZED_AUTOS = YES_AGGRESSIVE;
				GCC_WARN_UNUSED_FUNCTION = YES;
				GCC_WARN_UNUSED_VARIABLE = YES;
				IPHONEOS_DEPLOYMENT_TARGET = 16.4;
				MTL_ENABLE_DEBUG_INFO = INCLUDE_SOURCE;
				MTL_FAST_MATH = YES;
				ONLY_ACTIVE_ARCH = YES;
				SDKROOT = iphoneos;
				SWIFT_ACTIVE_COMPILATION_CONDITIONS = DEBUG;
				SWIFT_OPTIMIZATION_LEVEL = "-Onone";
			};
			name = Debug;
		};
		CE4824B62A9C7CBC002B7669 /* Release */ = {
			isa = XCBuildConfiguration;
			buildSettings = {
				ALWAYS_SEARCH_USER_PATHS = NO;
				CLANG_ANALYZER_NONNULL = YES;
				CLANG_ANALYZER_NUMBER_OBJECT_CONVERSION = YES_AGGRESSIVE;
				CLANG_CXX_LANGUAGE_STANDARD = "gnu++20";
				CLANG_ENABLE_MODULES = YES;
				CLANG_ENABLE_OBJC_ARC = YES;
				CLANG_ENABLE_OBJC_WEAK = YES;
				CLANG_WARN_BLOCK_CAPTURE_AUTORELEASING = YES;
				CLANG_WARN_BOOL_CONVERSION = YES;
				CLANG_WARN_COMMA = YES;
				CLANG_WARN_CONSTANT_CONVERSION = YES;
				CLANG_WARN_DEPRECATED_OBJC_IMPLEMENTATIONS = YES;
				CLANG_WARN_DIRECT_OBJC_ISA_USAGE = YES_ERROR;
				CLANG_WARN_DOCUMENTATION_COMMENTS = YES;
				CLANG_WARN_EMPTY_BODY = YES;
				CLANG_WARN_ENUM_CONVERSION = YES;
				CLANG_WARN_INFINITE_RECURSION = YES;
				CLANG_WARN_INT_CONVERSION = YES;
				CLANG_WARN_NON_LITERAL_NULL_CONVERSION = YES;
				CLANG_WARN_OBJC_IMPLICIT_RETAIN_SELF = YES;
				CLANG_WARN_OBJC_LITERAL_CONVERSION = YES;
				CLANG_WARN_OBJC_ROOT_CLASS = YES_ERROR;
				CLANG_WARN_QUOTED_INCLUDE_IN_FRAMEWORK_HEADER = YES;
				CLANG_WARN_RANGE_LOOP_ANALYSIS = YES;
				CLANG_WARN_STRICT_PROTOTYPES = YES;
				CLANG_WARN_SUSPICIOUS_MOVE = YES;
				CLANG_WARN_UNGUARDED_AVAILABILITY = YES_AGGRESSIVE;
				CLANG_WARN_UNREACHABLE_CODE = YES;
				CLANG_WARN__DUPLICATE_METHOD_MATCH = YES;
				COPY_PHASE_STRIP = NO;
				DEBUG_INFORMATION_FORMAT = "dwarf-with-dsym";
				ENABLE_NS_ASSERTIONS = NO;
				ENABLE_STRICT_OBJC_MSGSEND = YES;
				GCC_C_LANGUAGE_STANDARD = gnu11;
				GCC_NO_COMMON_BLOCKS = YES;
				GCC_WARN_64_TO_32_BIT_CONVERSION = YES;
				GCC_WARN_ABOUT_RETURN_TYPE = YES_ERROR;
				GCC_WARN_UNDECLARED_SELECTOR = YES;
				GCC_WARN_UNINITIALIZED_AUTOS = YES_AGGRESSIVE;
				GCC_WARN_UNUSED_FUNCTION = YES;
				GCC_WARN_UNUSED_VARIABLE = YES;
				IPHONEOS_DEPLOYMENT_TARGET = 16.4;
				MTL_ENABLE_DEBUG_INFO = NO;
				MTL_FAST_MATH = YES;
				SDKROOT = iphoneos;
				SWIFT_COMPILATION_MODE = wholemodule;
				SWIFT_OPTIMIZATION_LEVEL = "-O";
				VALIDATE_PRODUCT = YES;
			};
			name = Release;
		};
		CE4824B82A9C7CBC002B7669 /* Debug */ = {
			isa = XCBuildConfiguration;
			buildSettings = {
				ASSETCATALOG_COMPILER_APPICON_NAME = AppIcon;
				ASSETCATALOG_COMPILER_GLOBAL_ACCENT_COLOR_NAME = AccentColor;
				CODE_SIGN_STYLE = Automatic;
				CURRENT_PROJECT_VERSION = 1;
				DEVELOPMENT_TEAM = TWM6634QX3;
				GENERATE_INFOPLIST_FILE = YES;
				INFOPLIST_FILE = Rickism/Info.plist;
				INFOPLIST_KEY_UIApplicationSupportsIndirectInputEvents = YES;
				INFOPLIST_KEY_UILaunchStoryboardName = LaunchScreen;
				INFOPLIST_KEY_UISupportedInterfaceOrientations_iPad = "UIInterfaceOrientationPortrait UIInterfaceOrientationPortraitUpsideDown UIInterfaceOrientationLandscapeLeft UIInterfaceOrientationLandscapeRight";
				INFOPLIST_KEY_UISupportedInterfaceOrientations_iPhone = "UIInterfaceOrientationPortrait UIInterfaceOrientationLandscapeLeft UIInterfaceOrientationLandscapeRight";
				LD_RUNPATH_SEARCH_PATHS = (
					"$(inherited)",
					"@executable_path/Frameworks",
				);
				MARKETING_VERSION = 1.0;
				PRODUCT_BUNDLE_IDENTIFIER = com.madambi.alju.Rickism;
				PRODUCT_NAME = "$(TARGET_NAME)";
				SWIFT_EMIT_LOC_STRINGS = YES;
				SWIFT_VERSION = 5.0;
				TARGETED_DEVICE_FAMILY = "1,2";
			};
			name = Debug;
		};
		CE4824B92A9C7CBC002B7669 /* Release */ = {
			isa = XCBuildConfiguration;
			buildSettings = {
				ASSETCATALOG_COMPILER_APPICON_NAME = AppIcon;
				ASSETCATALOG_COMPILER_GLOBAL_ACCENT_COLOR_NAME = AccentColor;
				CODE_SIGN_STYLE = Automatic;
				CURRENT_PROJECT_VERSION = 1;
				DEVELOPMENT_TEAM = TWM6634QX3;
				GENERATE_INFOPLIST_FILE = YES;
				INFOPLIST_FILE = Rickism/Info.plist;
				INFOPLIST_KEY_UIApplicationSupportsIndirectInputEvents = YES;
				INFOPLIST_KEY_UILaunchStoryboardName = LaunchScreen;
				INFOPLIST_KEY_UISupportedInterfaceOrientations_iPad = "UIInterfaceOrientationPortrait UIInterfaceOrientationPortraitUpsideDown UIInterfaceOrientationLandscapeLeft UIInterfaceOrientationLandscapeRight";
				INFOPLIST_KEY_UISupportedInterfaceOrientations_iPhone = "UIInterfaceOrientationPortrait UIInterfaceOrientationLandscapeLeft UIInterfaceOrientationLandscapeRight";
				LD_RUNPATH_SEARCH_PATHS = (
					"$(inherited)",
					"@executable_path/Frameworks",
				);
				MARKETING_VERSION = 1.0;
				PRODUCT_BUNDLE_IDENTIFIER = com.madambi.alju.Rickism;
				PRODUCT_NAME = "$(TARGET_NAME)";
				SWIFT_EMIT_LOC_STRINGS = YES;
				SWIFT_VERSION = 5.0;
				TARGETED_DEVICE_FAMILY = "1,2";
			};
			name = Release;
		};
		CE4824BB2A9C7CBC002B7669 /* Debug */ = {
			isa = XCBuildConfiguration;
			buildSettings = {
				ALWAYS_EMBED_SWIFT_STANDARD_LIBRARIES = YES;
				BUNDLE_LOADER = "$(TEST_HOST)";
				CODE_SIGN_STYLE = Automatic;
				CURRENT_PROJECT_VERSION = 1;
				GENERATE_INFOPLIST_FILE = YES;
				IPHONEOS_DEPLOYMENT_TARGET = 16.4;
				MARKETING_VERSION = 1.0;
				PRODUCT_BUNDLE_IDENTIFIER = com.madambi.alju.RickismTests;
				PRODUCT_NAME = "$(TARGET_NAME)";
				SWIFT_EMIT_LOC_STRINGS = NO;
				SWIFT_VERSION = 5.0;
				TARGETED_DEVICE_FAMILY = "1,2";
				TEST_HOST = "$(BUILT_PRODUCTS_DIR)/Rickism.app/$(BUNDLE_EXECUTABLE_FOLDER_PATH)/Rickism";
			};
			name = Debug;
		};
		CE4824BC2A9C7CBC002B7669 /* Release */ = {
			isa = XCBuildConfiguration;
			buildSettings = {
				ALWAYS_EMBED_SWIFT_STANDARD_LIBRARIES = YES;
				BUNDLE_LOADER = "$(TEST_HOST)";
				CODE_SIGN_STYLE = Automatic;
				CURRENT_PROJECT_VERSION = 1;
				GENERATE_INFOPLIST_FILE = YES;
				IPHONEOS_DEPLOYMENT_TARGET = 16.4;
				MARKETING_VERSION = 1.0;
				PRODUCT_BUNDLE_IDENTIFIER = com.madambi.alju.RickismTests;
				PRODUCT_NAME = "$(TARGET_NAME)";
				SWIFT_EMIT_LOC_STRINGS = NO;
				SWIFT_VERSION = 5.0;
				TARGETED_DEVICE_FAMILY = "1,2";
				TEST_HOST = "$(BUILT_PRODUCTS_DIR)/Rickism.app/$(BUNDLE_EXECUTABLE_FOLDER_PATH)/Rickism";
			};
			name = Release;
		};
		CE4824BE2A9C7CBC002B7669 /* Debug */ = {
			isa = XCBuildConfiguration;
			buildSettings = {
				ALWAYS_EMBED_SWIFT_STANDARD_LIBRARIES = YES;
				CODE_SIGN_STYLE = Automatic;
				CURRENT_PROJECT_VERSION = 1;
				GENERATE_INFOPLIST_FILE = YES;
				MARKETING_VERSION = 1.0;
				PRODUCT_BUNDLE_IDENTIFIER = com.madambi.alju.RickismUITests;
				PRODUCT_NAME = "$(TARGET_NAME)";
				SWIFT_EMIT_LOC_STRINGS = NO;
				SWIFT_VERSION = 5.0;
				TARGETED_DEVICE_FAMILY = "1,2";
				TEST_TARGET_NAME = Rickism;
			};
			name = Debug;
		};
		CE4824BF2A9C7CBC002B7669 /* Release */ = {
			isa = XCBuildConfiguration;
			buildSettings = {
				ALWAYS_EMBED_SWIFT_STANDARD_LIBRARIES = YES;
				CODE_SIGN_STYLE = Automatic;
				CURRENT_PROJECT_VERSION = 1;
				GENERATE_INFOPLIST_FILE = YES;
				MARKETING_VERSION = 1.0;
				PRODUCT_BUNDLE_IDENTIFIER = com.madambi.alju.RickismUITests;
				PRODUCT_NAME = "$(TARGET_NAME)";
				SWIFT_EMIT_LOC_STRINGS = NO;
				SWIFT_VERSION = 5.0;
				TARGETED_DEVICE_FAMILY = "1,2";
				TEST_TARGET_NAME = Rickism;
			};
			name = Release;
		};
/* End XCBuildConfiguration section */

/* Begin XCConfigurationList section */
		CE4824882A9C7CBB002B7669 /* Build configuration list for PBXProject "Rickism" */ = {
			isa = XCConfigurationList;
			buildConfigurations = (
				CE4824B52A9C7CBC002B7669 /* Debug */,
				CE4824B62A9C7CBC002B7669 /* Release */,
			);
			defaultConfigurationIsVisible = 0;
			defaultConfigurationName = Release;
		};
		CE4824B72A9C7CBC002B7669 /* Build configuration list for PBXNativeTarget "Rickism" */ = {
			isa = XCConfigurationList;
			buildConfigurations = (
				CE4824B82A9C7CBC002B7669 /* Debug */,
				CE4824B92A9C7CBC002B7669 /* Release */,
			);
			defaultConfigurationIsVisible = 0;
			defaultConfigurationName = Release;
		};
		CE4824BA2A9C7CBC002B7669 /* Build configuration list for PBXNativeTarget "RickismTests" */ = {
			isa = XCConfigurationList;
			buildConfigurations = (
				CE4824BB2A9C7CBC002B7669 /* Debug */,
				CE4824BC2A9C7CBC002B7669 /* Release */,
			);
			defaultConfigurationIsVisible = 0;
			defaultConfigurationName = Release;
		};
		CE4824BD2A9C7CBC002B7669 /* Build configuration list for PBXNativeTarget "RickismUITests" */ = {
			isa = XCConfigurationList;
			buildConfigurations = (
				CE4824BE2A9C7CBC002B7669 /* Debug */,
				CE4824BF2A9C7CBC002B7669 /* Release */,
			);
			defaultConfigurationIsVisible = 0;
			defaultConfigurationName = Release;
		};
/* End XCConfigurationList section */

/* Begin XCRemoteSwiftPackageReference section */
		CEF0CC642AA23643005E7E51 /* XCRemoteSwiftPackageReference "Kingfisher" */ = {
			isa = XCRemoteSwiftPackageReference;
			repositoryURL = "https://github.com/onevcat/Kingfisher.git";
			requirement = {
				kind = upToNextMajorVersion;
				minimumVersion = 7.0.0;
			};
		};
/* End XCRemoteSwiftPackageReference section */

/* Begin XCSwiftPackageProductDependency section */
		CEF0CC652AA23643005E7E51 /* Kingfisher */ = {
			isa = XCSwiftPackageProductDependency;
			package = CEF0CC642AA23643005E7E51 /* XCRemoteSwiftPackageReference "Kingfisher" */;
			productName = Kingfisher;
		};
/* End XCSwiftPackageProductDependency section */
	};
	rootObject = CE4824852A9C7CBB002B7669 /* Project object */;
}
